// !$*UTF8*$!
{
	archiveVersion = 1;
	classes = {
	};
	objectVersion = 77;
	objects = {

/* Begin PBXBuildFile section */
		11249C2F2D09887A00D3A5B9 /* Alamofire in Frameworks */ = {isa = PBXBuildFile; productRef = 11249C2E2D09887A00D3A5B9 /* Alamofire */; };
		11249C322D09888500D3A5B9 /* SVProgressHUD in Frameworks */ = {isa = PBXBuildFile; productRef = 11249C312D09888500D3A5B9 /* SVProgressHUD */; };
		11249C352D09888E00D3A5B9 /* Kingfisher in Frameworks */ = {isa = PBXBuildFile; productRef = 11249C342D09888E00D3A5B9 /* Kingfisher */; };
		11249C382D09889F00D3A5B9 /* KakaoSDK in Frameworks */ = {isa = PBXBuildFile; productRef = 11249C372D09889F00D3A5B9 /* KakaoSDK */; };
		11249C3A2D09889F00D3A5B9 /* KakaoSDKAuth in Frameworks */ = {isa = PBXBuildFile; productRef = 11249C392D09889F00D3A5B9 /* KakaoSDKAuth */; };
		11249C3C2D09889F00D3A5B9 /* KakaoSDKCert in Frameworks */ = {isa = PBXBuildFile; productRef = 11249C3B2D09889F00D3A5B9 /* KakaoSDKCert */; };
		11249C3E2D09889F00D3A5B9 /* KakaoSDKCertCore in Frameworks */ = {isa = PBXBuildFile; productRef = 11249C3D2D09889F00D3A5B9 /* KakaoSDKCertCore */; };
		11249C402D09889F00D3A5B9 /* KakaoSDKCommon in Frameworks */ = {isa = PBXBuildFile; productRef = 11249C3F2D09889F00D3A5B9 /* KakaoSDKCommon */; };
		1B7446EB2D054B4E00E81DFE /* Debug.xcconfig in Resources */ = {isa = PBXBuildFile; fileRef = 1B7446E92D054B4E00E81DFE /* Debug.xcconfig */; };
		1B7446EC2D054B4E00E81DFE /* Release.xcconfig in Resources */ = {isa = PBXBuildFile; fileRef = 1B7446EA2D054B4E00E81DFE /* Release.xcconfig */; };
/* End PBXBuildFile section */

/* Begin PBXFileReference section */
		1B7446E92D054B4E00E81DFE /* Debug.xcconfig */ = {isa = PBXFileReference; lastKnownFileType = text.xcconfig; path = Debug.xcconfig; sourceTree = "<group>"; };
		1B7446EA2D054B4E00E81DFE /* Release.xcconfig */ = {isa = PBXFileReference; lastKnownFileType = text.xcconfig; path = Release.xcconfig; sourceTree = "<group>"; };
		6E1267B42D0187D300C7E997 /* AcademyLifeFE.app */ = {isa = PBXFileReference; explicitFileType = wrapper.application; includeInIndex = 0; path = AcademyLifeFE.app; sourceTree = BUILT_PRODUCTS_DIR; };
/* End PBXFileReference section */

/* Begin PBXFileSystemSynchronizedBuildFileExceptionSet section */
		6E1269352D01885C00C7E997 /* Exceptions for "AcademyLifeFE" folder in "AcademyLifeFE" target */ = {
			isa = PBXFileSystemSynchronizedBuildFileExceptionSet;
			membershipExceptions = (
				Info.plist,
			);
			target = 6E1267B32D0187D300C7E997 /* AcademyLifeFE */;
		};
/* End PBXFileSystemSynchronizedBuildFileExceptionSet section */

/* Begin PBXFileSystemSynchronizedRootGroup section */
		6E1267B62D0187D300C7E997 /* AcademyLifeFE */ = {
			isa = PBXFileSystemSynchronizedRootGroup;
			exceptions = (
				6E1269352D01885C00C7E997 /* Exceptions for "AcademyLifeFE" folder in "AcademyLifeFE" target */,
			);
			path = AcademyLifeFE;
			sourceTree = "<group>";
		};
/* End PBXFileSystemSynchronizedRootGroup section */

/* Begin PBXFrameworksBuildPhase section */
		6E1267B12D0187D300C7E997 /* Frameworks */ = {
			isa = PBXFrameworksBuildPhase;
			buildActionMask = 2147483647;
			files = (
				11249C402D09889F00D3A5B9 /* KakaoSDKCommon in Frameworks */,
				11249C352D09888E00D3A5B9 /* Kingfisher in Frameworks */,
				11249C382D09889F00D3A5B9 /* KakaoSDK in Frameworks */,
				11249C322D09888500D3A5B9 /* SVProgressHUD in Frameworks */,
				11249C3C2D09889F00D3A5B9 /* KakaoSDKCert in Frameworks */,
				11249C2F2D09887A00D3A5B9 /* Alamofire in Frameworks */,
				11249C3A2D09889F00D3A5B9 /* KakaoSDKAuth in Frameworks */,
				11249C3E2D09889F00D3A5B9 /* KakaoSDKCertCore in Frameworks */,
			);
			runOnlyForDeploymentPostprocessing = 0;
		};
/* End PBXFrameworksBuildPhase section */

/* Begin PBXGroup section */
		6E1267AB2D0187D300C7E997 = {
			isa = PBXGroup;
			children = (
				1B7446E92D054B4E00E81DFE /* Debug.xcconfig */,
				1B7446EA2D054B4E00E81DFE /* Release.xcconfig */,
				6E1267B62D0187D300C7E997 /* AcademyLifeFE */,
				6E1267B52D0187D300C7E997 /* Products */,
			);
			sourceTree = "<group>";
		};
		6E1267B52D0187D300C7E997 /* Products */ = {
			isa = PBXGroup;
			children = (
				6E1267B42D0187D300C7E997 /* AcademyLifeFE.app */,
			);
			name = Products;
			sourceTree = "<group>";
		};
/* End PBXGroup section */

/* Begin PBXNativeTarget section */
		6E1267B32D0187D300C7E997 /* AcademyLifeFE */ = {
			isa = PBXNativeTarget;
			buildConfigurationList = 6E1267C22D0187D400C7E997 /* Build configuration list for PBXNativeTarget "AcademyLifeFE" */;
			buildPhases = (
				6E1267B02D0187D300C7E997 /* Sources */,
				6E1267B12D0187D300C7E997 /* Frameworks */,
				6E1267B22D0187D300C7E997 /* Resources */,
			);
			buildRules = (
			);
			dependencies = (
			);
			fileSystemSynchronizedGroups = (
				6E1267B62D0187D300C7E997 /* AcademyLifeFE */,
			);
			name = AcademyLifeFE;
			packageProductDependencies = (
				11249C2E2D09887A00D3A5B9 /* Alamofire */,
				11249C312D09888500D3A5B9 /* SVProgressHUD */,
				11249C342D09888E00D3A5B9 /* Kingfisher */,
				11249C372D09889F00D3A5B9 /* KakaoSDK */,
				11249C392D09889F00D3A5B9 /* KakaoSDKAuth */,
				11249C3B2D09889F00D3A5B9 /* KakaoSDKCert */,
				11249C3D2D09889F00D3A5B9 /* KakaoSDKCertCore */,
				11249C3F2D09889F00D3A5B9 /* KakaoSDKCommon */,
			);
			productName = AcademyLifeFE;
			productReference = 6E1267B42D0187D300C7E997 /* AcademyLifeFE.app */;
			productType = "com.apple.product-type.application";
		};
/* End PBXNativeTarget section */

/* Begin PBXProject section */
		6E1267AC2D0187D300C7E997 /* Project object */ = {
			isa = PBXProject;
			attributes = {
				BuildIndependentTargetsInParallel = 1;
				LastSwiftUpdateCheck = 1610;
				LastUpgradeCheck = 1610;
				TargetAttributes = {
					6E1267B32D0187D300C7E997 = {
						CreatedOnToolsVersion = 16.1;
					};
				};
			};
			buildConfigurationList = 6E1267AF2D0187D300C7E997 /* Build configuration list for PBXProject "AcademyLifeFE" */;
			developmentRegion = en;
			hasScannedForEncodings = 0;
			knownRegions = (
				en,
				Base,
			);
			mainGroup = 6E1267AB2D0187D300C7E997;
			minimizedProjectReferenceProxies = 1;
			packageReferences = (
				11249C2D2D09887A00D3A5B9 /* XCRemoteSwiftPackageReference "Alamofire" */,
				11249C302D09888500D3A5B9 /* XCRemoteSwiftPackageReference "SVProgressHUD" */,
				11249C332D09888E00D3A5B9 /* XCRemoteSwiftPackageReference "Kingfisher" */,
				11249C362D09889F00D3A5B9 /* XCRemoteSwiftPackageReference "kakao-ios-sdk" */,
			);
			preferredProjectObjectVersion = 77;
			productRefGroup = 6E1267B52D0187D300C7E997 /* Products */;
			projectDirPath = "";
			projectRoot = "";
			targets = (
				6E1267B32D0187D300C7E997 /* AcademyLifeFE */,
			);
		};
/* End PBXProject section */

/* Begin PBXResourcesBuildPhase section */
		6E1267B22D0187D300C7E997 /* Resources */ = {
			isa = PBXResourcesBuildPhase;
			buildActionMask = 2147483647;
			files = (
				1B7446EB2D054B4E00E81DFE /* Debug.xcconfig in Resources */,
				1B7446EC2D054B4E00E81DFE /* Release.xcconfig in Resources */,
			);
			runOnlyForDeploymentPostprocessing = 0;
		};
/* End PBXResourcesBuildPhase section */

/* Begin PBXSourcesBuildPhase section */
		6E1267B02D0187D300C7E997 /* Sources */ = {
			isa = PBXSourcesBuildPhase;
			buildActionMask = 2147483647;
			files = (
			);
			runOnlyForDeploymentPostprocessing = 0;
		};
/* End PBXSourcesBuildPhase section */

/* Begin XCBuildConfiguration section */
		6E1267C02D0187D400C7E997 /* Debug */ = {
			isa = XCBuildConfiguration;
			baseConfigurationReference = 1B7446E92D054B4E00E81DFE /* Debug.xcconfig */;
			buildSettings = {
				ALWAYS_SEARCH_USER_PATHS = NO;
				ASSETCATALOG_COMPILER_GENERATE_SWIFT_ASSET_SYMBOL_EXTENSIONS = YES;
				CLANG_ANALYZER_NONNULL = YES;
				CLANG_ANALYZER_NUMBER_OBJECT_CONVERSION = YES_AGGRESSIVE;
				CLANG_CXX_LANGUAGE_STANDARD = "gnu++20";
				CLANG_ENABLE_MODULES = YES;
				CLANG_ENABLE_OBJC_ARC = YES;
				CLANG_ENABLE_OBJC_WEAK = YES;
				CLANG_WARN_BLOCK_CAPTURE_AUTORELEASING = YES;
				CLANG_WARN_BOOL_CONVERSION = YES;
				CLANG_WARN_COMMA = YES;
				CLANG_WARN_CONSTANT_CONVERSION = YES;
				CLANG_WARN_DEPRECATED_OBJC_IMPLEMENTATIONS = YES;
				CLANG_WARN_DIRECT_OBJC_ISA_USAGE = YES_ERROR;
				CLANG_WARN_DOCUMENTATION_COMMENTS = YES;
				CLANG_WARN_EMPTY_BODY = YES;
				CLANG_WARN_ENUM_CONVERSION = YES;
				CLANG_WARN_INFINITE_RECURSION = YES;
				CLANG_WARN_INT_CONVERSION = YES;
				CLANG_WARN_NON_LITERAL_NULL_CONVERSION = YES;
				CLANG_WARN_OBJC_IMPLICIT_RETAIN_SELF = YES;
				CLANG_WARN_OBJC_LITERAL_CONVERSION = YES;
				CLANG_WARN_OBJC_ROOT_CLASS = YES_ERROR;
				CLANG_WARN_QUOTED_INCLUDE_IN_FRAMEWORK_HEADER = YES;
				CLANG_WARN_RANGE_LOOP_ANALYSIS = YES;
				CLANG_WARN_STRICT_PROTOTYPES = YES;
				CLANG_WARN_SUSPICIOUS_MOVE = YES;
				CLANG_WARN_UNGUARDED_AVAILABILITY = YES_AGGRESSIVE;
				CLANG_WARN_UNREACHABLE_CODE = YES;
				CLANG_WARN__DUPLICATE_METHOD_MATCH = YES;
				COPY_PHASE_STRIP = NO;
				DEBUG_INFORMATION_FORMAT = dwarf;
				ENABLE_STRICT_OBJC_MSGSEND = YES;
				ENABLE_TESTABILITY = YES;
				ENABLE_USER_SCRIPT_SANDBOXING = YES;
				GCC_C_LANGUAGE_STANDARD = gnu17;
				GCC_DYNAMIC_NO_PIC = NO;
				GCC_NO_COMMON_BLOCKS = YES;
				GCC_OPTIMIZATION_LEVEL = 0;
				GCC_PREPROCESSOR_DEFINITIONS = (
					"DEBUG=1",
					"$(inherited)",
				);
				GCC_WARN_64_TO_32_BIT_CONVERSION = YES;
				GCC_WARN_ABOUT_RETURN_TYPE = YES_ERROR;
				GCC_WARN_UNDECLARED_SELECTOR = YES;
				GCC_WARN_UNINITIALIZED_AUTOS = YES_AGGRESSIVE;
				GCC_WARN_UNUSED_FUNCTION = YES;
				GCC_WARN_UNUSED_VARIABLE = YES;
				IPHONEOS_DEPLOYMENT_TARGET = 18.1;
				LOCALIZATION_PREFERS_STRING_CATALOGS = YES;
				MTL_ENABLE_DEBUG_INFO = INCLUDE_SOURCE;
				MTL_FAST_MATH = YES;
				ONLY_ACTIVE_ARCH = YES;
				SDKROOT = iphoneos;
				SWIFT_ACTIVE_COMPILATION_CONDITIONS = "DEBUG $(inherited)";
				SWIFT_OPTIMIZATION_LEVEL = "-Onone";
			};
			name = Debug;
		};
		6E1267C12D0187D400C7E997 /* Release */ = {
			isa = XCBuildConfiguration;
			baseConfigurationReference = 1B7446EA2D054B4E00E81DFE /* Release.xcconfig */;
			buildSettings = {
				ALWAYS_SEARCH_USER_PATHS = NO;
				ASSETCATALOG_COMPILER_GENERATE_SWIFT_ASSET_SYMBOL_EXTENSIONS = YES;
				CLANG_ANALYZER_NONNULL = YES;
				CLANG_ANALYZER_NUMBER_OBJECT_CONVERSION = YES_AGGRESSIVE;
				CLANG_CXX_LANGUAGE_STANDARD = "gnu++20";
				CLANG_ENABLE_MODULES = YES;
				CLANG_ENABLE_OBJC_ARC = YES;
				CLANG_ENABLE_OBJC_WEAK = YES;
				CLANG_WARN_BLOCK_CAPTURE_AUTORELEASING = YES;
				CLANG_WARN_BOOL_CONVERSION = YES;
				CLANG_WARN_COMMA = YES;
				CLANG_WARN_CONSTANT_CONVERSION = YES;
				CLANG_WARN_DEPRECATED_OBJC_IMPLEMENTATIONS = YES;
				CLANG_WARN_DIRECT_OBJC_ISA_USAGE = YES_ERROR;
				CLANG_WARN_DOCUMENTATION_COMMENTS = YES;
				CLANG_WARN_EMPTY_BODY = YES;
				CLANG_WARN_ENUM_CONVERSION = YES;
				CLANG_WARN_INFINITE_RECURSION = YES;
				CLANG_WARN_INT_CONVERSION = YES;
				CLANG_WARN_NON_LITERAL_NULL_CONVERSION = YES;
				CLANG_WARN_OBJC_IMPLICIT_RETAIN_SELF = YES;
				CLANG_WARN_OBJC_LITERAL_CONVERSION = YES;
				CLANG_WARN_OBJC_ROOT_CLASS = YES_ERROR;
				CLANG_WARN_QUOTED_INCLUDE_IN_FRAMEWORK_HEADER = YES;
				CLANG_WARN_RANGE_LOOP_ANALYSIS = YES;
				CLANG_WARN_STRICT_PROTOTYPES = YES;
				CLANG_WARN_SUSPICIOUS_MOVE = YES;
				CLANG_WARN_UNGUARDED_AVAILABILITY = YES_AGGRESSIVE;
				CLANG_WARN_UNREACHABLE_CODE = YES;
				CLANG_WARN__DUPLICATE_METHOD_MATCH = YES;
				COPY_PHASE_STRIP = NO;
				DEBUG_INFORMATION_FORMAT = "dwarf-with-dsym";
				ENABLE_NS_ASSERTIONS = NO;
				ENABLE_STRICT_OBJC_MSGSEND = YES;
				ENABLE_USER_SCRIPT_SANDBOXING = YES;
				GCC_C_LANGUAGE_STANDARD = gnu17;
				GCC_NO_COMMON_BLOCKS = YES;
				GCC_WARN_64_TO_32_BIT_CONVERSION = YES;
				GCC_WARN_ABOUT_RETURN_TYPE = YES_ERROR;
				GCC_WARN_UNDECLARED_SELECTOR = YES;
				GCC_WARN_UNINITIALIZED_AUTOS = YES_AGGRESSIVE;
				GCC_WARN_UNUSED_FUNCTION = YES;
				GCC_WARN_UNUSED_VARIABLE = YES;
				IPHONEOS_DEPLOYMENT_TARGET = 18.1;
				LOCALIZATION_PREFERS_STRING_CATALOGS = YES;
				MTL_ENABLE_DEBUG_INFO = NO;
				MTL_FAST_MATH = YES;
				SDKROOT = iphoneos;
				SWIFT_COMPILATION_MODE = wholemodule;
				VALIDATE_PRODUCT = YES;
			};
			name = Release;
		};
		6E1267C32D0187D400C7E997 /* Debug */ = {
			isa = XCBuildConfiguration;
			baseConfigurationReference = 1B7446E92D054B4E00E81DFE /* Debug.xcconfig */;
			buildSettings = {
				ASSETCATALOG_COMPILER_APPICON_NAME = AppIcon;
				ASSETCATALOG_COMPILER_GLOBAL_ACCENT_COLOR_NAME = AccentColor;
				CODE_SIGN_ENTITLEMENTS = AcademyLifeFE/AcademyLifeFEDebug.entitlements;
				CODE_SIGN_STYLE = Automatic;
				CURRENT_PROJECT_VERSION = 1;
				DEVELOPMENT_ASSET_PATHS = "\"AcademyLifeFE/Preview Content\"";
				DEVELOPMENT_TEAM = 8YXQMG6LKS;
				ENABLE_PREVIEWS = YES;
				GENERATE_INFOPLIST_FILE = YES;
				INFOPLIST_FILE = AcademyLifeFE/Info.plist;
				INFOPLIST_KEY_UIApplicationSceneManifest_Generation = YES;
				INFOPLIST_KEY_UIApplicationSupportsIndirectInputEvents = YES;
				INFOPLIST_KEY_UILaunchScreen_Generation = YES;
				INFOPLIST_KEY_UISupportedInterfaceOrientations_iPad = "UIInterfaceOrientationPortrait UIInterfaceOrientationPortraitUpsideDown UIInterfaceOrientationLandscapeLeft UIInterfaceOrientationLandscapeRight";
				INFOPLIST_KEY_UISupportedInterfaceOrientations_iPhone = "UIInterfaceOrientationPortrait UIInterfaceOrientationLandscapeLeft UIInterfaceOrientationLandscapeRight";
				IPHONEOS_DEPLOYMENT_TARGET = 16.6;
				LD_RUNPATH_SEARCH_PATHS = (
					"$(inherited)",
					"@executable_path/Frameworks",
				);
				MARKETING_VERSION = 1.0;
				PRODUCT_BUNDLE_IDENTIFIER = kr.or.womanup.nambu.timi.AcademyLifeFE;
				PRODUCT_NAME = "$(TARGET_NAME)";
				SWIFT_EMIT_LOC_STRINGS = YES;
				SWIFT_VERSION = 5.0;
				TARGETED_DEVICE_FAMILY = "1,2";
			};
			name = Debug;
		};
		6E1267C42D0187D400C7E997 /* Release */ = {
			isa = XCBuildConfiguration;
			baseConfigurationReference = 1B7446EA2D054B4E00E81DFE /* Release.xcconfig */;
			buildSettings = {
				ASSETCATALOG_COMPILER_APPICON_NAME = AppIcon;
				ASSETCATALOG_COMPILER_GLOBAL_ACCENT_COLOR_NAME = AccentColor;
				CODE_SIGN_STYLE = Automatic;
				CURRENT_PROJECT_VERSION = 1;
				DEVELOPMENT_ASSET_PATHS = "\"AcademyLifeFE/Preview Content\"";
				DEVELOPMENT_TEAM = 8YXQMG6LKS;
				ENABLE_PREVIEWS = YES;
				GENERATE_INFOPLIST_FILE = YES;
				INFOPLIST_FILE = AcademyLifeFE/Info.plist;
				INFOPLIST_KEY_UIApplicationSceneManifest_Generation = YES;
				INFOPLIST_KEY_UIApplicationSupportsIndirectInputEvents = YES;
				INFOPLIST_KEY_UILaunchScreen_Generation = YES;
				INFOPLIST_KEY_UISupportedInterfaceOrientations_iPad = "UIInterfaceOrientationPortrait UIInterfaceOrientationPortraitUpsideDown UIInterfaceOrientationLandscapeLeft UIInterfaceOrientationLandscapeRight";
				INFOPLIST_KEY_UISupportedInterfaceOrientations_iPhone = "UIInterfaceOrientationPortrait UIInterfaceOrientationLandscapeLeft UIInterfaceOrientationLandscapeRight";
				IPHONEOS_DEPLOYMENT_TARGET = 16.6;
				LD_RUNPATH_SEARCH_PATHS = (
					"$(inherited)",
					"@executable_path/Frameworks",
				);
				MARKETING_VERSION = 1.0;
				PRODUCT_BUNDLE_IDENTIFIER = kr.or.womanup.nambu.timi.AcademyLifeFE;
				PRODUCT_NAME = "$(TARGET_NAME)";
				SWIFT_EMIT_LOC_STRINGS = YES;
				SWIFT_VERSION = 5.0;
				TARGETED_DEVICE_FAMILY = "1,2";
			};
			name = Release;
		};
/* End XCBuildConfiguration section */

/* Begin XCConfigurationList section */
		6E1267AF2D0187D300C7E997 /* Build configuration list for PBXProject "AcademyLifeFE" */ = {
			isa = XCConfigurationList;
			buildConfigurations = (
				6E1267C02D0187D400C7E997 /* Debug */,
				6E1267C12D0187D400C7E997 /* Release */,
			);
			defaultConfigurationIsVisible = 0;
			defaultConfigurationName = Release;
		};
		6E1267C22D0187D400C7E997 /* Build configuration list for PBXNativeTarget "AcademyLifeFE" */ = {
			isa = XCConfigurationList;
			buildConfigurations = (
				6E1267C32D0187D400C7E997 /* Debug */,
				6E1267C42D0187D400C7E997 /* Release */,
			);
			defaultConfigurationIsVisible = 0;
			defaultConfigurationName = Release;
		};
/* End XCConfigurationList section */

/* Begin XCRemoteSwiftPackageReference section */
		11249C2D2D09887A00D3A5B9 /* XCRemoteSwiftPackageReference "Alamofire" */ = {
			isa = XCRemoteSwiftPackageReference;
			repositoryURL = "https://github.com/Alamofire/Alamofire.git";
			requirement = {
				kind = upToNextMajorVersion;
				minimumVersion = 5.10.2;
			};
		};
		11249C302D09888500D3A5B9 /* XCRemoteSwiftPackageReference "SVProgressHUD" */ = {
			isa = XCRemoteSwiftPackageReference;
			repositoryURL = "https://github.com/SVProgressHUD/SVProgressHUD.git";
			requirement = {
				kind = upToNextMajorVersion;
				minimumVersion = 2.3.1;
			};
		};
		11249C332D09888E00D3A5B9 /* XCRemoteSwiftPackageReference "Kingfisher" */ = {
			isa = XCRemoteSwiftPackageReference;
			repositoryURL = "https://github.com/onevcat/Kingfisher.git";
			requirement = {
				kind = upToNextMajorVersion;
				minimumVersion = 8.1.2;
			};
		};
		11249C362D09889F00D3A5B9 /* XCRemoteSwiftPackageReference "kakao-ios-sdk" */ = {
			isa = XCRemoteSwiftPackageReference;
			repositoryURL = "https://github.com/kakao/kakao-ios-sdk";
			requirement = {
				kind = upToNextMajorVersion;
				minimumVersion = 2.23.0;
			};
		};
/* End XCRemoteSwiftPackageReference section */

/* Begin XCSwiftPackageProductDependency section */
		11249C2E2D09887A00D3A5B9 /* Alamofire */ = {
			isa = XCSwiftPackageProductDependency;
			package = 11249C2D2D09887A00D3A5B9 /* XCRemoteSwiftPackageReference "Alamofire" */;
			productName = Alamofire;
		};
		11249C312D09888500D3A5B9 /* SVProgressHUD */ = {
			isa = XCSwiftPackageProductDependency;
			package = 11249C302D09888500D3A5B9 /* XCRemoteSwiftPackageReference "SVProgressHUD" */;
			productName = SVProgressHUD;
		};
		11249C342D09888E00D3A5B9 /* Kingfisher */ = {
			isa = XCSwiftPackageProductDependency;
			package = 11249C332D09888E00D3A5B9 /* XCRemoteSwiftPackageReference "Kingfisher" */;
			productName = Kingfisher;
		};
		11249C372D09889F00D3A5B9 /* KakaoSDK */ = {
			isa = XCSwiftPackageProductDependency;
			package = 11249C362D09889F00D3A5B9 /* XCRemoteSwiftPackageReference "kakao-ios-sdk" */;
			productName = KakaoSDK;
		};
		11249C392D09889F00D3A5B9 /* KakaoSDKAuth */ = {
			isa = XCSwiftPackageProductDependency;
			package = 11249C362D09889F00D3A5B9 /* XCRemoteSwiftPackageReference "kakao-ios-sdk" */;
			productName = KakaoSDKAuth;
		};
		11249C3B2D09889F00D3A5B9 /* KakaoSDKCert */ = {
			isa = XCSwiftPackageProductDependency;
			package = 11249C362D09889F00D3A5B9 /* XCRemoteSwiftPackageReference "kakao-ios-sdk" */;
			productName = KakaoSDKCert;
		};
		11249C3D2D09889F00D3A5B9 /* KakaoSDKCertCore */ = {
			isa = XCSwiftPackageProductDependency;
			package = 11249C362D09889F00D3A5B9 /* XCRemoteSwiftPackageReference "kakao-ios-sdk" */;
			productName = KakaoSDKCertCore;
		};
		11249C3F2D09889F00D3A5B9 /* KakaoSDKCommon */ = {
			isa = XCSwiftPackageProductDependency;
			package = 11249C362D09889F00D3A5B9 /* XCRemoteSwiftPackageReference "kakao-ios-sdk" */;
			productName = KakaoSDKCommon;
		};
/* End XCSwiftPackageProductDependency section */
	};
	rootObject = 6E1267AC2D0187D300C7E997 /* Project object */;
}
